
Microsoft Visual Studio Solution File, Format Version 12.00
# Visual Studio Version 16
VisualStudioVersion = 16.0.32602.291
MinimumVisualStudioVersion = 10.0.40219.1
Project("{9A19103F-16F7-4668-BE54-9A1E7A4F7556}") = "Blogger_Project", "Blogger_Project\Blogger_Project.csproj", "{DD25D640-53BC-412D-8C1C-6ED4F90CE451}"
EndProject
Project("{9A19103F-16F7-4668-BE54-9A1E7A4F7556}") = "Blog_Models", "Blogs_Models\Blog_Models.csproj", "{4A2A5A82-A0A4-4E3A-AAA2-6615BBE2DD6F}"
EndProject
Project("{9A19103F-16F7-4668-BE54-9A1E7A4F7556}") = "Blog_DataAccess", "Blog_DataAccess\Blog_DataAccess.csproj", "{281C0E5D-1A9F-4807-822B-42C0E231E0E3}"
EndProject
Global
	GlobalSection(SolutionConfigurationPlatforms) = preSolution
		Debug|Any CPU = Debug|Any CPU
		Release|Any CPU = Release|Any CPU
	EndGlobalSection
	GlobalSection(ProjectConfigurationPlatforms) = postSolution
		{DD25D640-53BC-412D-8C1C-6ED4F90CE451}.Debug|Any CPU.ActiveCfg = Debug|Any CPU
		{DD25D640-53BC-412D-8C1C-6ED4F90CE451}.Debug|Any CPU.Build.0 = Debug|Any CPU
		{DD25D640-53BC-412D-8C1C-6ED4F90CE451}.Release|Any CPU.ActiveCfg = Release|Any CPU
		{DD25D640-53BC-412D-8C1C-6ED4F90CE451}.Release|Any CPU.Build.0 = Release|Any CPU
		{4A2A5A82-A0A4-4E3A-AAA2-6615BBE2DD6F}.Debug|Any CPU.ActiveCfg = Debug|Any CPU
		{4A2A5A82-A0A4-4E3A-AAA2-6615BBE2DD6F}.Debug|Any CPU.Build.0 = Debug|Any CPU
		{4A2A5A82-A0A4-4E3A-AAA2-6615BBE2DD6F}.Release|Any CPU.ActiveCfg = Release|Any CPU
		{4A2A5A82-A0A4-4E3A-AAA2-6615BBE2DD6F}.Release|Any CPU.Build.0 = Release|Any CPU
		{281C0E5D-1A9F-4807-822B-42C0E231E0E3}.Debug|Any CPU.ActiveCfg = Debug|Any CPU
		{281C0E5D-1A9F-4807-822B-42C0E231E0E3}.Debug|Any CPU.Build.0 = Debug|Any CPU
		{281C0E5D-1A9F-4807-822B-42C0E231E0E3}.Release|Any CPU.ActiveCfg = Release|Any CPU
		{281C0E5D-1A9F-4807-822B-42C0E231E0E3}.Release|Any CPU.Build.0 = Release|Any CPU
	EndGlobalSection
	GlobalSection(SolutionProperties) = preSolution
		HideSolutionNode = FALSE
	EndGlobalSection
	GlobalSection(ExtensibilityGlobals) = postSolution
		SolutionGuid = {ABA1E801-63E8-4F72-927E-F24851FB4535}
	EndGlobalSection
EndGlobal
