
Microsoft Visual Studio Solution File, Format Version 12.00
# Visual Studio Version 16
VisualStudioVersion = 16.0.32602.291
MinimumVisualStudioVersion = 10.0.40219.1
Project("{FAE04EC0-301F-11D3-BF4B-00C04F79EFBC}") = "BookShopping.revise", "BookShopping.revise\BookShopping.revise.csproj", "{28A335AD-B999-474C-BC0C-F5211F86FAED}"
EndProject
Project("{FAE04EC0-301F-11D3-BF4B-00C04F79EFBC}") = "BookShopping_DataAccess", "BookShopping_DataAccess\BookShopping_DataAccess.csproj", "{BC68E9FA-BF0B-4080-B6AF-8A56CA71647C}"
EndProject
Project("{FAE04EC0-301F-11D3-BF4B-00C04F79EFBC}") = "BookShopping_Models", "BookShopping_Models\BookShopping_Models.csproj", "{A4FA742F-E6AB-4311-92CD-D00C35EE9704}"
EndProject
Project("{FAE04EC0-301F-11D3-BF4B-00C04F79EFBC}") = "BookShopping_Utility", "BookShoping_Utility\BookShopping_Utility.csproj", "{D3EABC7C-D3BF-436D-891C-60E738AFA3F8}"
EndProject
Global
	GlobalSection(SolutionConfigurationPlatforms) = preSolution
		Debug|Any CPU = Debug|Any CPU
		Release|Any CPU = Release|Any CPU
	EndGlobalSection
	GlobalSection(ProjectConfigurationPlatforms) = postSolution
		{28A335AD-B999-474C-BC0C-F5211F86FAED}.Debug|Any CPU.ActiveCfg = Debug|Any CPU
		{28A335AD-B999-474C-BC0C-F5211F86FAED}.Debug|Any CPU.Build.0 = Debug|Any CPU
		{28A335AD-B999-474C-BC0C-F5211F86FAED}.Release|Any CPU.ActiveCfg = Release|Any CPU
		{28A335AD-B999-474C-BC0C-F5211F86FAED}.Release|Any CPU.Build.0 = Release|Any CPU
		{BC68E9FA-BF0B-4080-B6AF-8A56CA71647C}.Debug|Any CPU.ActiveCfg = Debug|Any CPU
		{BC68E9FA-BF0B-4080-B6AF-8A56CA71647C}.Debug|Any CPU.Build.0 = Debug|Any CPU
		{BC68E9FA-BF0B-4080-B6AF-8A56CA71647C}.Release|Any CPU.ActiveCfg = Release|Any CPU
		{BC68E9FA-BF0B-4080-B6AF-8A56CA71647C}.Release|Any CPU.Build.0 = Release|Any CPU
		{A4FA742F-E6AB-4311-92CD-D00C35EE9704}.Debug|Any CPU.ActiveCfg = Debug|Any CPU
		{A4FA742F-E6AB-4311-92CD-D00C35EE9704}.Debug|Any CPU.Build.0 = Debug|Any CPU
		{A4FA742F-E6AB-4311-92CD-D00C35EE9704}.Release|Any CPU.ActiveCfg = Release|Any CPU
		{A4FA742F-E6AB-4311-92CD-D00C35EE9704}.Release|Any CPU.Build.0 = Release|Any CPU
		{D3EABC7C-D3BF-436D-891C-60E738AFA3F8}.Debug|Any CPU.ActiveCfg = Debug|Any CPU
		{D3EABC7C-D3BF-436D-891C-60E738AFA3F8}.Debug|Any CPU.Build.0 = Debug|Any CPU
		{D3EABC7C-D3BF-436D-891C-60E738AFA3F8}.Release|Any CPU.ActiveCfg = Release|Any CPU
		{D3EABC7C-D3BF-436D-891C-60E738AFA3F8}.Release|Any CPU.Build.0 = Release|Any CPU
	EndGlobalSection
	GlobalSection(SolutionProperties) = preSolution
		HideSolutionNode = FALSE
	EndGlobalSection
	GlobalSection(ExtensibilityGlobals) = postSolution
		SolutionGuid = {F0901786-8996-4884-9CA8-460FF2DD095B}
	EndGlobalSection
EndGlobal
