
Microsoft Visual Studio Solution File, Format Version 12.00
# Visual Studio Version 16
VisualStudioVersion = 16.0.31501.217
MinimumVisualStudioVersion = 10.0.40219.1
Project("{FAE04EC0-301F-11D3-BF4B-00C04F79EFBC}") = "BookShoppingProject.1", "BookShoppingProject.1\BookShoppingProject.1.csproj", "{97A7127B-4FDF-4DCC-9DD8-DA6F78AEDA74}"
EndProject
Project("{FAE04EC0-301F-11D3-BF4B-00C04F79EFBC}") = "BookShoppingProject.Models", "BookShoppingProject.Models\BookShoppingProject.Models.csproj", "{AF216F71-A2B7-44B1-82E1-36F2B03EA182}"
EndProject
Project("{FAE04EC0-301F-11D3-BF4B-00C04F79EFBC}") = "BookShoppingProject.Utility", "BookShoppingProject.Utility\BookShoppingProject.Utility.csproj", "{53B5D79D-CAB9-44F5-8714-A839B069AB25}"
EndProject
Project("{FAE04EC0-301F-11D3-BF4B-00C04F79EFBC}") = "BookShoppingProject.DataAccess", "BookShoppingProject.DataAccess\BookShoppingProject.DataAccess.csproj", "{DE737627-F3AA-48BA-AA3F-E9904D043D68}"
EndProject
Global
	GlobalSection(SolutionConfigurationPlatforms) = preSolution
		Debug|Any CPU = Debug|Any CPU
		Release|Any CPU = Release|Any CPU
	EndGlobalSection
	GlobalSection(ProjectConfigurationPlatforms) = postSolution
		{97A7127B-4FDF-4DCC-9DD8-DA6F78AEDA74}.Debug|Any CPU.ActiveCfg = Debug|Any CPU
		{97A7127B-4FDF-4DCC-9DD8-DA6F78AEDA74}.Debug|Any CPU.Build.0 = Debug|Any CPU
		{97A7127B-4FDF-4DCC-9DD8-DA6F78AEDA74}.Release|Any CPU.ActiveCfg = Release|Any CPU
		{97A7127B-4FDF-4DCC-9DD8-DA6F78AEDA74}.Release|Any CPU.Build.0 = Release|Any CPU
		{AF216F71-A2B7-44B1-82E1-36F2B03EA182}.Debug|Any CPU.ActiveCfg = Debug|Any CPU
		{AF216F71-A2B7-44B1-82E1-36F2B03EA182}.Debug|Any CPU.Build.0 = Debug|Any CPU
		{AF216F71-A2B7-44B1-82E1-36F2B03EA182}.Release|Any CPU.ActiveCfg = Release|Any CPU
		{AF216F71-A2B7-44B1-82E1-36F2B03EA182}.Release|Any CPU.Build.0 = Release|Any CPU
		{53B5D79D-CAB9-44F5-8714-A839B069AB25}.Debug|Any CPU.ActiveCfg = Debug|Any CPU
		{53B5D79D-CAB9-44F5-8714-A839B069AB25}.Debug|Any CPU.Build.0 = Debug|Any CPU
		{53B5D79D-CAB9-44F5-8714-A839B069AB25}.Release|Any CPU.ActiveCfg = Release|Any CPU
		{53B5D79D-CAB9-44F5-8714-A839B069AB25}.Release|Any CPU.Build.0 = Release|Any CPU
		{DE737627-F3AA-48BA-AA3F-E9904D043D68}.Debug|Any CPU.ActiveCfg = Debug|Any CPU
		{DE737627-F3AA-48BA-AA3F-E9904D043D68}.Debug|Any CPU.Build.0 = Debug|Any CPU
		{DE737627-F3AA-48BA-AA3F-E9904D043D68}.Release|Any CPU.ActiveCfg = Release|Any CPU
		{DE737627-F3AA-48BA-AA3F-E9904D043D68}.Release|Any CPU.Build.0 = Release|Any CPU
	EndGlobalSection
	GlobalSection(SolutionProperties) = preSolution
		HideSolutionNode = FALSE
	EndGlobalSection
	GlobalSection(ExtensibilityGlobals) = postSolution
		SolutionGuid = {9F18F7A7-26C6-4359-A75B-1528B706E855}
	EndGlobalSection
EndGlobal
